
Microsoft Visual Studio Solution File, Format Version 12.00
# Visual Studio 15
VisualStudioVersion = 15.0.28307.489
MinimumVisualStudioVersion = 10.0.40219.1
Project("{9A19103F-16F7-4668-BE54-9A1E7A4F7556}") = "DietPlanner.Api", "DietPlanner.Api.csproj", "{711C09D8-DBAF-4D9D-BCCE-42766BF0068C}"
EndProject
Project("{9A19103F-16F7-4668-BE54-9A1E7A4F7556}") = "DietPlanner.Core", "..\DietPlanner.Core\DietPlanner.Core.csproj", "{D583B0A3-A53B-4B06-9954-256C2361A3C5}"
EndProject
Project("{9A19103F-16F7-4668-BE54-9A1E7A4F7556}") = "DietPlanner.Infrastructure", "..\DietPlanner.Infrastructure\DietPlanner.Infrastructure.csproj", "{92B57F43-ADAD-416F-A06B-BD161F6FFB24}"
EndProject
Project("{9A19103F-16F7-4668-BE54-9A1E7A4F7556}") = "DietPlanner.Tests", "..\DietPlanner.Tests\DietPlanner.Tests.csproj", "{F1D706AC-D3D0-458D-982E-ECFA79AC0B47}"
EndProject
Project("{9A19103F-16F7-4668-BE54-9A1E7A4F7556}") = "DietPlanner.TestsEndToEnd", "..\DietPlanner.TestsEndToEnd\DietPlanner.TestsEndToEnd.csproj", "{5CE29554-9484-465D-8ECF-57557FF5A0E1}"
EndProject
Global
	GlobalSection(SolutionConfigurationPlatforms) = preSolution
		Debug|Any CPU = Debug|Any CPU
		Release|Any CPU = Release|Any CPU
	EndGlobalSection
	GlobalSection(ProjectConfigurationPlatforms) = postSolution
		{711C09D8-DBAF-4D9D-BCCE-42766BF0068C}.Debug|Any CPU.ActiveCfg = Debug|Any CPU
		{711C09D8-DBAF-4D9D-BCCE-42766BF0068C}.Debug|Any CPU.Build.0 = Debug|Any CPU
		{711C09D8-DBAF-4D9D-BCCE-42766BF0068C}.Release|Any CPU.ActiveCfg = Release|Any CPU
		{711C09D8-DBAF-4D9D-BCCE-42766BF0068C}.Release|Any CPU.Build.0 = Release|Any CPU
		{D583B0A3-A53B-4B06-9954-256C2361A3C5}.Debug|Any CPU.ActiveCfg = Debug|Any CPU
		{D583B0A3-A53B-4B06-9954-256C2361A3C5}.Debug|Any CPU.Build.0 = Debug|Any CPU
		{D583B0A3-A53B-4B06-9954-256C2361A3C5}.Release|Any CPU.ActiveCfg = Release|Any CPU
		{D583B0A3-A53B-4B06-9954-256C2361A3C5}.Release|Any CPU.Build.0 = Release|Any CPU
		{92B57F43-ADAD-416F-A06B-BD161F6FFB24}.Debug|Any CPU.ActiveCfg = Debug|Any CPU
		{92B57F43-ADAD-416F-A06B-BD161F6FFB24}.Debug|Any CPU.Build.0 = Debug|Any CPU
		{92B57F43-ADAD-416F-A06B-BD161F6FFB24}.Release|Any CPU.ActiveCfg = Release|Any CPU
		{92B57F43-ADAD-416F-A06B-BD161F6FFB24}.Release|Any CPU.Build.0 = Release|Any CPU
		{F1D706AC-D3D0-458D-982E-ECFA79AC0B47}.Debug|Any CPU.ActiveCfg = Debug|Any CPU
		{F1D706AC-D3D0-458D-982E-ECFA79AC0B47}.Debug|Any CPU.Build.0 = Debug|Any CPU
		{F1D706AC-D3D0-458D-982E-ECFA79AC0B47}.Release|Any CPU.ActiveCfg = Release|Any CPU
		{F1D706AC-D3D0-458D-982E-ECFA79AC0B47}.Release|Any CPU.Build.0 = Release|Any CPU
		{5CE29554-9484-465D-8ECF-57557FF5A0E1}.Debug|Any CPU.ActiveCfg = Debug|Any CPU
		{5CE29554-9484-465D-8ECF-57557FF5A0E1}.Debug|Any CPU.Build.0 = Debug|Any CPU
		{5CE29554-9484-465D-8ECF-57557FF5A0E1}.Release|Any CPU.ActiveCfg = Release|Any CPU
		{5CE29554-9484-465D-8ECF-57557FF5A0E1}.Release|Any CPU.Build.0 = Release|Any CPU
	EndGlobalSection
	GlobalSection(SolutionProperties) = preSolution
		HideSolutionNode = FALSE
	EndGlobalSection
	GlobalSection(ExtensibilityGlobals) = postSolution
		SolutionGuid = {B685DEBE-0125-4C9F-ADAC-98D7F4946159}
	EndGlobalSection
EndGlobal
